
Microsoft Visual Studio Solution File, Format Version 12.00
# Visual Studio 15
VisualStudioVersion = 15.0.28307.705
MinimumVisualStudioVersion = 10.0.40219.1
Project("{9A19103F-16F7-4668-BE54-9A1E7A4F7556}") = "GoogleLocationHistory", "GoogleLocationHistory\GoogleLocationHistory.csproj", "{EC252FC1-13C5-4C64-BCC6-E4D56D680323}"
EndProject
Global
	GlobalSection(SolutionConfigurationPlatforms) = preSolution
		Debug|Any CPU = Debug|Any CPU
		Release|Any CPU = Release|Any CPU
	EndGlobalSection
	GlobalSection(ProjectConfigurationPlatforms) = postSolution
		{EC252FC1-13C5-4C64-BCC6-E4D56D680323}.Debug|Any CPU.ActiveCfg = Debug|Any CPU
		{EC252FC1-13C5-4C64-BCC6-E4D56D680323}.Debug|Any CPU.Build.0 = Debug|Any CPU
		{EC252FC1-13C5-4C64-BCC6-E4D56D680323}.Release|Any CPU.ActiveCfg = Release|Any CPU
		{EC252FC1-13C5-4C64-BCC6-E4D56D680323}.Release|Any CPU.Build.0 = Release|Any CPU
	EndGlobalSection
	GlobalSection(SolutionProperties) = preSolution
		HideSolutionNode = FALSE
	EndGlobalSection
	GlobalSection(ExtensibilityGlobals) = postSolution
		SolutionGuid = {2B0703CC-1BFF-4102-B49B-7106C93AC851}
	EndGlobalSection
EndGlobal
